
Microsoft Visual Studio Solution File, Format Version 11.00
# Visual Studio 2010
Project("{FAE04EC0-301F-11D3-BF4B-00C04F79EFBC}") = "Sdk.Core", "Core\Sdk.Core.csproj", "{A2D83E96-8DB1-48B2-A64A-BD4012D7EB37}"
EndProject
Project("{FAE04EC0-301F-11D3-BF4B-00C04F79EFBC}") = "BlueMarbleApp", "Samples\BlueMarbleApp\BlueMarbleApp.csproj", "{358C462C-3D27-486E-BE7D-F0A330CDAA06}"
EndProject
Project("{FAE04EC0-301F-11D3-BF4B-00C04F79EFBC}") = "WorldDataSet", "Samples\WorldDataSet\WorldDataSet.csproj", "{DCC28631-2BFA-4421-959E-945CF02C8F47}"
EndProject
Project("{FAE04EC0-301F-11D3-BF4B-00C04F79EFBC}") = "SpecificRegionDataSet", "Samples\SpecificRegionDataSet\SpecificRegionDataSet.csproj", "{606D3BA8-4E39-4C85-B2F6-19C7700BA705}"
EndProject
Project("{FAE04EC0-301F-11D3-BF4B-00C04F79EFBC}") = "Sdk.Core.Test", "UnitTests\Sdk.Core.Test\Sdk.Core.Test.csproj", "{1E576CBB-54CD-45E6-8DB5-4AD79CE0AE6B}"
EndProject
Project("{2150E333-8FDC-42A3-9474-1A3956D46DE8}") = "Solution Items", "Solution Items", "{E8E0001C-AA25-4714-B613-91BC6E6C748C}"
	ProjectSection(SolutionItems) = preProject
		SdkTests.vsmdi = SdkTests.vsmdi
		SDKUnitTesting.testsettings = SDKUnitTesting.testsettings
		TraceAndTestImpact.testsettings = TraceAndTestImpact.testsettings
	EndProjectSection
EndProject
Project("{FAE04EC0-301F-11D3-BF4B-00C04F79EFBC}") = "SDK.Core.TestAutomation", "SDK.Core.TestAutomation\SDK.Core.TestAutomation.csproj", "{5A74CDD6-786C-443E-9978-27CE8B221EED}"
EndProject
Project("{930C7802-8A8C-48F9-8165-68863BCCD9DD}") = "Sdk.Installer", "Installer\Sdk.Installer.wixproj", "{11885D2C-7A74-4266-8AEF-AEE370D08D2E}"
	ProjectSection(ProjectDependencies) = postProject
		{358C462C-3D27-486E-BE7D-F0A330CDAA06} = {358C462C-3D27-486E-BE7D-F0A330CDAA06}
		{DCC28631-2BFA-4421-959E-945CF02C8F47} = {DCC28631-2BFA-4421-959E-945CF02C8F47}
		{A2D83E96-8DB1-48B2-A64A-BD4012D7EB37} = {A2D83E96-8DB1-48B2-A64A-BD4012D7EB37}
		{F4202A9D-BF36-4576-87F3-0EBA00923164} = {F4202A9D-BF36-4576-87F3-0EBA00923164}
		{606D3BA8-4E39-4C85-B2F6-19C7700BA705} = {606D3BA8-4E39-4C85-B2F6-19C7700BA705}
		{1E576CBB-54CD-45E6-8DB5-4AD79CE0AE6B} = {1E576CBB-54CD-45E6-8DB5-4AD79CE0AE6B}
		{5A74CDD6-786C-443E-9978-27CE8B221EED} = {5A74CDD6-786C-443E-9978-27CE8B221EED}
	EndProjectSection
EndProject
Project("{FAE04EC0-301F-11D3-BF4B-00C04F79EFBC}") = "LcapiSample", "Samples\Lcapi\LcapiSample.csproj", "{F4202A9D-BF36-4576-87F3-0EBA00923164}"
EndProject
Project("{FAE04EC0-301F-11D3-BF4B-00C04F79EFBC}") = "SharingService.Web", "SharingServiceWeb\SharingService.Web.csproj", "{DA36770C-6060-496C-8E4C-AF4E6228C55E}"
	ProjectSection(ProjectDependencies) = postProject
		{A2D83E96-8DB1-48B2-A64A-BD4012D7EB37} = {A2D83E96-8DB1-48B2-A64A-BD4012D7EB37}
	EndProjectSection
EndProject
Project("{FAE04EC0-301F-11D3-BF4B-00C04F79EFBC}") = "SharingService.Web.Automation", "SharingServiceWebAutomation\SharingService.Web.Automation.csproj", "{005EFB39-EBAA-4E92-B746-BD7D22A50462}"
EndProject
Project("{FAE04EC0-301F-11D3-BF4B-00C04F79EFBC}") = "TileGenerator", "TileGenerator\TileGenerator.csproj", "{195E031A-D160-4700-8930-7F94732A6FAB}"
EndProject
Project("{FAE04EC0-301F-11D3-BF4B-00C04F79EFBC}") = "TileGenerator.Test", "UnitTests\TileGenerator.Test\TileGenerator.Test.csproj", "{A6CBBABB-42FE-4B32-A4CF-B26ED8DBC05C}"
EndProject
Global
	GlobalSection(TeamFoundationVersionControl) = preSolution
		SccNumberOfProjects = 13
		SccEnterpriseProvider = {4CA58AB2-18FA-4F8D-95D4-32DDF27D184C}
		SccTeamFoundationServer = http://vstfpg44:8080/tfs/consolidated_44_tpc
		SccLocalPath0 = .
		SccProjectUniqueName1 = Core\\Sdk.Core.csproj
		SccProjectName1 = Core
		SccLocalPath1 = Core
		SccProjectUniqueName2 = Samples\\BlueMarbleApp\\BlueMarbleApp.csproj
		SccProjectName2 = Samples/BlueMarbleApp
		SccLocalPath2 = Samples\\BlueMarbleApp
		SccProjectUniqueName3 = Samples\\WorldDataSet\\WorldDataSet.csproj
		SccProjectName3 = Samples/WorldDataSet
		SccLocalPath3 = Samples\\WorldDataSet
		SccProjectUniqueName4 = Samples\\SpecificRegionDataSet\\SpecificRegionDataSet.csproj
		SccProjectName4 = Samples/SpecificRegionDataSet
		SccLocalPath4 = Samples\\SpecificRegionDataSet
		SccProjectUniqueName5 = UnitTests\\Sdk.Core.Test\\Sdk.Core.Test.csproj
		SccProjectName5 = UnitTests/Sdk.Core.Test
		SccLocalPath5 = UnitTests\\Sdk.Core.Test
		SccProjectUniqueName6 = SDK.Core.TestAutomation\\SDK.Core.TestAutomation.csproj
		SccProjectName6 = SDK.Core.TestAutomation
		SccLocalPath6 = SDK.Core.TestAutomation
		SccProjectUniqueName7 = Installer\\Sdk.Installer.wixproj
		SccProjectName7 = Installer
		SccLocalPath7 = Installer
		SccProjectUniqueName8 = Samples\\Lcapi\\LcapiSample.csproj
		SccProjectName8 = Samples/Lcapi
		SccLocalPath8 = Samples\\Lcapi
		SccProjectUniqueName9 = SharingServiceWeb\\SharingService.Web.csproj
		SccProjectName9 = SharingServiceWeb
		SccLocalPath9 = SharingServiceWeb
		SccProjectUniqueName10 = TileGenerator\\TileGenerator.csproj
		SccProjectName10 = TileGenerator
		SccLocalPath10 = TileGenerator
		SccProjectUniqueName11 = UnitTests\\TileGenerator.Test\\TileGenerator.Test.csproj
		SccProjectName11 = UnitTests/TileGenerator.Test
		SccLocalPath11 = UnitTests\\TileGenerator.Test
		SccProjectUniqueName12 = SharingServiceWebAutomation\\SharingService.Web.Automation.csproj
		SccProjectName12 = SharingServiceWebAutomation
		SccLocalPath12 = SharingServiceWebAutomation
	EndGlobalSection
	GlobalSection(TestCaseManagementSettings) = postSolution
		CategoryFile = SdkTests.vsmdi
	EndGlobalSection
	GlobalSection(SolutionConfigurationPlatforms) = preSolution
		Debug|Any CPU = Debug|Any CPU
		Release|Any CPU = Release|Any CPU
	EndGlobalSection
	GlobalSection(ProjectConfigurationPlatforms) = postSolution
		{A2D83E96-8DB1-48B2-A64A-BD4012D7EB37}.Debug|Any CPU.ActiveCfg = Debug|Any CPU
		{A2D83E96-8DB1-48B2-A64A-BD4012D7EB37}.Debug|Any CPU.Build.0 = Debug|Any CPU
		{A2D83E96-8DB1-48B2-A64A-BD4012D7EB37}.Release|Any CPU.ActiveCfg = Release|Any CPU
		{A2D83E96-8DB1-48B2-A64A-BD4012D7EB37}.Release|Any CPU.Build.0 = Release|Any CPU
		{358C462C-3D27-486E-BE7D-F0A330CDAA06}.Debug|Any CPU.ActiveCfg = Debug|Any CPU
		{358C462C-3D27-486E-BE7D-F0A330CDAA06}.Debug|Any CPU.Build.0 = Debug|Any CPU
		{358C462C-3D27-486E-BE7D-F0A330CDAA06}.Release|Any CPU.ActiveCfg = Release|Any CPU
		{358C462C-3D27-486E-BE7D-F0A330CDAA06}.Release|Any CPU.Build.0 = Release|Any CPU
		{DCC28631-2BFA-4421-959E-945CF02C8F47}.Debug|Any CPU.ActiveCfg = Debug|Any CPU
		{DCC28631-2BFA-4421-959E-945CF02C8F47}.Debug|Any CPU.Build.0 = Debug|Any CPU
		{DCC28631-2BFA-4421-959E-945CF02C8F47}.Release|Any CPU.ActiveCfg = Release|Any CPU
		{DCC28631-2BFA-4421-959E-945CF02C8F47}.Release|Any CPU.Build.0 = Release|Any CPU
		{606D3BA8-4E39-4C85-B2F6-19C7700BA705}.Debug|Any CPU.ActiveCfg = Debug|Any CPU
		{606D3BA8-4E39-4C85-B2F6-19C7700BA705}.Debug|Any CPU.Build.0 = Debug|Any CPU
		{606D3BA8-4E39-4C85-B2F6-19C7700BA705}.Release|Any CPU.ActiveCfg = Release|Any CPU
		{606D3BA8-4E39-4C85-B2F6-19C7700BA705}.Release|Any CPU.Build.0 = Release|Any CPU
		{1E576CBB-54CD-45E6-8DB5-4AD79CE0AE6B}.Debug|Any CPU.ActiveCfg = Debug|Any CPU
		{1E576CBB-54CD-45E6-8DB5-4AD79CE0AE6B}.Debug|Any CPU.Build.0 = Debug|Any CPU
		{1E576CBB-54CD-45E6-8DB5-4AD79CE0AE6B}.Release|Any CPU.ActiveCfg = Release|Any CPU
		{1E576CBB-54CD-45E6-8DB5-4AD79CE0AE6B}.Release|Any CPU.Build.0 = Release|Any CPU
		{5A74CDD6-786C-443E-9978-27CE8B221EED}.Debug|Any CPU.ActiveCfg = Debug|Any CPU
		{5A74CDD6-786C-443E-9978-27CE8B221EED}.Debug|Any CPU.Build.0 = Debug|Any CPU
		{5A74CDD6-786C-443E-9978-27CE8B221EED}.Release|Any CPU.ActiveCfg = Release|Any CPU
		{5A74CDD6-786C-443E-9978-27CE8B221EED}.Release|Any CPU.Build.0 = Release|Any CPU
		{11885D2C-7A74-4266-8AEF-AEE370D08D2E}.Debug|Any CPU.ActiveCfg = Debug|x86
		{11885D2C-7A74-4266-8AEF-AEE370D08D2E}.Debug|Any CPU.Build.0 = Debug|x86
		{11885D2C-7A74-4266-8AEF-AEE370D08D2E}.Release|Any CPU.ActiveCfg = Release|x86
		{11885D2C-7A74-4266-8AEF-AEE370D08D2E}.Release|Any CPU.Build.0 = Release|x86
		{F4202A9D-BF36-4576-87F3-0EBA00923164}.Debug|Any CPU.ActiveCfg = Debug|Any CPU
		{F4202A9D-BF36-4576-87F3-0EBA00923164}.Debug|Any CPU.Build.0 = Debug|Any CPU
		{F4202A9D-BF36-4576-87F3-0EBA00923164}.Release|Any CPU.ActiveCfg = Release|Any CPU
		{F4202A9D-BF36-4576-87F3-0EBA00923164}.Release|Any CPU.Build.0 = Release|Any CPU
		{DA36770C-6060-496C-8E4C-AF4E6228C55E}.Debug|Any CPU.ActiveCfg = Debug|Any CPU
		{DA36770C-6060-496C-8E4C-AF4E6228C55E}.Debug|Any CPU.Build.0 = Debug|Any CPU
		{DA36770C-6060-496C-8E4C-AF4E6228C55E}.Release|Any CPU.ActiveCfg = Release|Any CPU
		{DA36770C-6060-496C-8E4C-AF4E6228C55E}.Release|Any CPU.Build.0 = Release|Any CPU
		{005EFB39-EBAA-4E92-B746-BD7D22A50462}.Debug|Any CPU.ActiveCfg = Debug|Any CPU
		{005EFB39-EBAA-4E92-B746-BD7D22A50462}.Debug|Any CPU.Build.0 = Debug|Any CPU
		{005EFB39-EBAA-4E92-B746-BD7D22A50462}.Release|Any CPU.ActiveCfg = Release|Any CPU
		{005EFB39-EBAA-4E92-B746-BD7D22A50462}.Release|Any CPU.Build.0 = Release|Any CPU
		{195E031A-D160-4700-8930-7F94732A6FAB}.Debug|Any CPU.ActiveCfg = Debug|Any CPU
		{195E031A-D160-4700-8930-7F94732A6FAB}.Debug|Any CPU.Build.0 = Debug|Any CPU
		{195E031A-D160-4700-8930-7F94732A6FAB}.Release|Any CPU.ActiveCfg = Release|Any CPU
		{195E031A-D160-4700-8930-7F94732A6FAB}.Release|Any CPU.Build.0 = Release|Any CPU
		{A6CBBABB-42FE-4B32-A4CF-B26ED8DBC05C}.Debug|Any CPU.ActiveCfg = Debug|Any CPU
		{A6CBBABB-42FE-4B32-A4CF-B26ED8DBC05C}.Debug|Any CPU.Build.0 = Debug|Any CPU
		{A6CBBABB-42FE-4B32-A4CF-B26ED8DBC05C}.Release|Any CPU.ActiveCfg = Release|Any CPU
		{A6CBBABB-42FE-4B32-A4CF-B26ED8DBC05C}.Release|Any CPU.Build.0 = Release|Any CPU
	EndGlobalSection
	GlobalSection(SolutionProperties) = preSolution
		HideSolutionNode = FALSE
	EndGlobalSection
EndGlobal
