
Microsoft Visual Studio Solution File, Format Version 11.00
# Visual Studio 2010
Project("{FAE04EC0-301F-11D3-BF4B-00C04F79EFBC}") = "SharingService.Web", "SharingServiceWeb\SharingService.Web.csproj", "{DA36770C-6060-496C-8E4C-AF4E6228C55E}"
	ProjectSection(ProjectDependencies) = postProject
		{A2D83E96-8DB1-48B2-A64A-BD4012D7EB37} = {A2D83E96-8DB1-48B2-A64A-BD4012D7EB37}
	EndProjectSection
EndProject
Project("{FAE04EC0-301F-11D3-BF4B-00C04F79EFBC}") = "Sdk.Core", "..\..\Tile Pyramid SDK\Source Code\Core\Sdk.Core.csproj", "{A2D83E96-8DB1-48B2-A64A-BD4012D7EB37}"
EndProject
Global
	GlobalSection(SolutionConfigurationPlatforms) = preSolution
		Debug|Any CPU = Debug|Any CPU
		Release|Any CPU = Release|Any CPU
	EndGlobalSection
	GlobalSection(ProjectConfigurationPlatforms) = postSolution
		{DA36770C-6060-496C-8E4C-AF4E6228C55E}.Debug|Any CPU.ActiveCfg = Debug|Any CPU
		{DA36770C-6060-496C-8E4C-AF4E6228C55E}.Debug|Any CPU.Build.0 = Debug|Any CPU
		{DA36770C-6060-496C-8E4C-AF4E6228C55E}.Release|Any CPU.ActiveCfg = Release|Any CPU
		{DA36770C-6060-496C-8E4C-AF4E6228C55E}.Release|Any CPU.Build.0 = Release|Any CPU
		{A2D83E96-8DB1-48B2-A64A-BD4012D7EB37}.Debug|Any CPU.ActiveCfg = Debug|Any CPU
		{A2D83E96-8DB1-48B2-A64A-BD4012D7EB37}.Debug|Any CPU.Build.0 = Debug|Any CPU
		{A2D83E96-8DB1-48B2-A64A-BD4012D7EB37}.Release|Any CPU.ActiveCfg = Release|Any CPU
		{A2D83E96-8DB1-48B2-A64A-BD4012D7EB37}.Release|Any CPU.Build.0 = Release|Any CPU
	EndGlobalSection
	GlobalSection(SolutionProperties) = preSolution
		HideSolutionNode = FALSE
	EndGlobalSection
EndGlobal
